
Microsoft Visual Studio Solution File, Format Version 12.00
# Visual Studio Version 17
VisualStudioVersion = 17.4.33213.308
MinimumVisualStudioVersion = 10.0.40219.1
Project("{FAE04EC0-301F-11D3-BF4B-00C04F79EFBC}") = "Homework_Skillbox_Module_6", "Homework_Skillbox_Module_6\Homework_Skillbox_Module_6.csproj", "{6C29B74C-4FBC-4309-A9E1-321A53CDCA34}"
EndProject
Global
	GlobalSection(SolutionConfigurationPlatforms) = preSolution
		Debug|Any CPU = Debug|Any CPU
		Release|Any CPU = Release|Any CPU
	EndGlobalSection
	GlobalSection(ProjectConfigurationPlatforms) = postSolution
		{6C29B74C-4FBC-4309-A9E1-321A53CDCA34}.Debug|Any CPU.ActiveCfg = Debug|Any CPU
		{6C29B74C-4FBC-4309-A9E1-321A53CDCA34}.Debug|Any CPU.Build.0 = Debug|Any CPU
		{6C29B74C-4FBC-4309-A9E1-321A53CDCA34}.Release|Any CPU.ActiveCfg = Release|Any CPU
		{6C29B74C-4FBC-4309-A9E1-321A53CDCA34}.Release|Any CPU.Build.0 = Release|Any CPU
	EndGlobalSection
	GlobalSection(SolutionProperties) = preSolution
		HideSolutionNode = FALSE
	EndGlobalSection
	GlobalSection(ExtensibilityGlobals) = postSolution
		SolutionGuid = {E6191852-A261-4592-BCFD-F2599C6B1CCD}
	EndGlobalSection
EndGlobal
